<?xml version="1.0" encoding="utf-8"?>
<Project ToolsVersion="4.0" xmlns="http://schemas.microsoft.com/developer/msbuild/2003">
   <ItemGroup>
      <Filter Include="Source Files">
         <UniqueIdentifier>{9577e09f-377c-4d8a-b70d-228081675bad}</UniqueIdentifier>
         <Extensions>cpp;c;cxx;rc;def;r;odl;idl;hpj;bat;cc</Extensions>
      </Filter>
      <Filter Include="Source Files\lib">
         <UniqueIdentifier>{934331ed-483a-4fe1-9180-b9beb8165248}</UniqueIdentifier>
      </Filter>
   </ItemGroup>
  <ItemGroup>
    <ResourceCompile Include="Torque.rc">
      <Filter>Source Files</Filter>
    </ResourceCompile>
  </ItemGroup>
   <ItemGroup>
      <ClCompile Include="C:\Users\Andrew\Documents\Projects\Torque3D-PhysX3\Engine\lib\ljpeg\jcapimin.c">
         <Filter>Source Files\lib</Filter>
      </ClCompile>
      <ClCompile Include="C:\Users\Andrew\Documents\Projects\Torque3D-PhysX3\Engine\lib\ljpeg\jcapistd.c">
         <Filter>Source Files\lib</Filter>
      </ClCompile>
      <ClCompile Include="C:\Users\Andrew\Documents\Projects\Torque3D-PhysX3\Engine\lib\ljpeg\jccoefct.c">
         <Filter>Source Files\lib</Filter>
      </ClCompile>
      <ClCompile Include="C:\Users\Andrew\Documents\Projects\Torque3D-PhysX3\Engine\lib\ljpeg\jccolor.c">
         <Filter>Source Files\lib</Filter>
      </ClCompile>
      <ClCompile Include="C:\Users\Andrew\Documents\Projects\Torque3D-PhysX3\Engine\lib\ljpeg\jcdctmgr.c">
         <Filter>Source Files\lib</Filter>
      </ClCompile>
      <ClCompile Include="C:\Users\Andrew\Documents\Projects\Torque3D-PhysX3\Engine\lib\ljpeg\jchuff.c">
         <Filter>Source Files\lib</Filter>
      </ClCompile>
      <ClCompile Include="C:\Users\Andrew\Documents\Projects\Torque3D-PhysX3\Engine\lib\ljpeg\jcinit.c">
         <Filter>Source Files\lib</Filter>
      </ClCompile>
      <ClCompile Include="C:\Users\Andrew\Documents\Projects\Torque3D-PhysX3\Engine\lib\ljpeg\jcmainct.c">
         <Filter>Source Files\lib</Filter>
      </ClCompile>
      <ClCompile Include="C:\Users\Andrew\Documents\Projects\Torque3D-PhysX3\Engine\lib\ljpeg\jcmarker.c">
         <Filter>Source Files\lib</Filter>
      </ClCompile>
      <ClCompile Include="C:\Users\Andrew\Documents\Projects\Torque3D-PhysX3\Engine\lib\ljpeg\jcmaster.c">
         <Filter>Source Files\lib</Filter>
      </ClCompile>
      <ClCompile Include="C:\Users\Andrew\Documents\Projects\Torque3D-PhysX3\Engine\lib\ljpeg\jcomapi.c">
         <Filter>Source Files\lib</Filter>
      </ClCompile>
      <ClCompile Include="C:\Users\Andrew\Documents\Projects\Torque3D-PhysX3\Engine\lib\ljpeg\jcparam.c">
         <Filter>Source Files\lib</Filter>
      </ClCompile>
      <ClCompile Include="C:\Users\Andrew\Documents\Projects\Torque3D-PhysX3\Engine\lib\ljpeg\jcphuff.c">
         <Filter>Source Files\lib</Filter>
      </ClCompile>
      <ClCompile Include="C:\Users\Andrew\Documents\Projects\Torque3D-PhysX3\Engine\lib\ljpeg\jcprepct.c">
         <Filter>Source Files\lib</Filter>
      </ClCompile>
      <ClCompile Include="C:\Users\Andrew\Documents\Projects\Torque3D-PhysX3\Engine\lib\ljpeg\jcsample.c">
         <Filter>Source Files\lib</Filter>
      </ClCompile>
      <ClCompile Include="C:\Users\Andrew\Documents\Projects\Torque3D-PhysX3\Engine\lib\ljpeg\jctrans.c">
         <Filter>Source Files\lib</Filter>
      </ClCompile>
      <ClCompile Include="C:\Users\Andrew\Documents\Projects\Torque3D-PhysX3\Engine\lib\ljpeg\jdapimin.c">
         <Filter>Source Files\lib</Filter>
      </ClCompile>
      <ClCompile Include="C:\Users\Andrew\Documents\Projects\Torque3D-PhysX3\Engine\lib\ljpeg\jdapistd.c">
         <Filter>Source Files\lib</Filter>
      </ClCompile>
      <ClCompile Include="C:\Users\Andrew\Documents\Projects\Torque3D-PhysX3\Engine\lib\ljpeg\jdatadst.c">
         <Filter>Source Files\lib</Filter>
      </ClCompile>
      <ClCompile Include="C:\Users\Andrew\Documents\Projects\Torque3D-PhysX3\Engine\lib\ljpeg\jdatasrc.c">
         <Filter>Source Files\lib</Filter>
      </ClCompile>
      <ClCompile Include="C:\Users\Andrew\Documents\Projects\Torque3D-PhysX3\Engine\lib\ljpeg\jdcoefct.c">
         <Filter>Source Files\lib</Filter>
      </ClCompile>
      <ClCompile Include="C:\Users\Andrew\Documents\Projects\Torque3D-PhysX3\Engine\lib\ljpeg\jdcolor.c">
         <Filter>Source Files\lib</Filter>
      </ClCompile>
      <ClCompile Include="C:\Users\Andrew\Documents\Projects\Torque3D-PhysX3\Engine\lib\ljpeg\jddctmgr.c">
         <Filter>Source Files\lib</Filter>
      </ClCompile>
      <ClCompile Include="C:\Users\Andrew\Documents\Projects\Torque3D-PhysX3\Engine\lib\ljpeg\jdhuff.c">
         <Filter>Source Files\lib</Filter>
      </ClCompile>
      <ClCompile Include="C:\Users\Andrew\Documents\Projects\Torque3D-PhysX3\Engine\lib\ljpeg\jdinput.c">
         <Filter>Source Files\lib</Filter>
      </ClCompile>
      <ClCompile Include="C:\Users\Andrew\Documents\Projects\Torque3D-PhysX3\Engine\lib\ljpeg\jdmainct.c">
         <Filter>Source Files\lib</Filter>
      </ClCompile>
      <ClCompile Include="C:\Users\Andrew\Documents\Projects\Torque3D-PhysX3\Engine\lib\ljpeg\jdmarker.c">
         <Filter>Source Files\lib</Filter>
      </ClCompile>
      <ClCompile Include="C:\Users\Andrew\Documents\Projects\Torque3D-PhysX3\Engine\lib\ljpeg\jdmaster.c">
         <Filter>Source Files\lib</Filter>
      </ClCompile>
      <ClCompile Include="C:\Users\Andrew\Documents\Projects\Torque3D-PhysX3\Engine\lib\ljpeg\jdmerge.c">
         <Filter>Source Files\lib</Filter>
      </ClCompile>
      <ClCompile Include="C:\Users\Andrew\Documents\Projects\Torque3D-PhysX3\Engine\lib\ljpeg\jdphuff.c">
         <Filter>Source Files\lib</Filter>
      </ClCompile>
      <ClCompile Include="C:\Users\Andrew\Documents\Projects\Torque3D-PhysX3\Engine\lib\ljpeg\jdpostct.c">
         <Filter>Source Files\lib</Filter>
      </ClCompile>
      <ClCompile Include="C:\Users\Andrew\Documents\Projects\Torque3D-PhysX3\Engine\lib\ljpeg\jdsample.c">
         <Filter>Source Files\lib</Filter>
      </ClCompile>
      <ClCompile Include="C:\Users\Andrew\Documents\Projects\Torque3D-PhysX3\Engine\lib\ljpeg\jdtrans.c">
         <Filter>Source Files\lib</Filter>
      </ClCompile>
      <ClCompile Include="C:\Users\Andrew\Documents\Projects\Torque3D-PhysX3\Engine\lib\ljpeg\jerror.c">
         <Filter>Source Files\lib</Filter>
      </ClCompile>
      <ClCompile Include="C:\Users\Andrew\Documents\Projects\Torque3D-PhysX3\Engine\lib\ljpeg\jfdctflt.c">
         <Filter>Source Files\lib</Filter>
      </ClCompile>
      <ClCompile Include="C:\Users\Andrew\Documents\Projects\Torque3D-PhysX3\Engine\lib\ljpeg\jfdctfst.c">
         <Filter>Source Files\lib</Filter>
      </ClCompile>
      <ClCompile Include="C:\Users\Andrew\Documents\Projects\Torque3D-PhysX3\Engine\lib\ljpeg\jfdctint.c">
         <Filter>Source Files\lib</Filter>
      </ClCompile>
      <ClCompile Include="C:\Users\Andrew\Documents\Projects\Torque3D-PhysX3\Engine\lib\ljpeg\jidctflt.c">
         <Filter>Source Files\lib</Filter>
      </ClCompile>
      <ClCompile Include="C:\Users\Andrew\Documents\Projects\Torque3D-PhysX3\Engine\lib\ljpeg\jidctfst.c">
         <Filter>Source Files\lib</Filter>
      </ClCompile>
      <ClCompile Include="C:\Users\Andrew\Documents\Projects\Torque3D-PhysX3\Engine\lib\ljpeg\jidctint.c">
         <Filter>Source Files\lib</Filter>
      </ClCompile>
      <ClCompile Include="C:\Users\Andrew\Documents\Projects\Torque3D-PhysX3\Engine\lib\ljpeg\jidctred.c">
         <Filter>Source Files\lib</Filter>
      </ClCompile>
      <ClCompile Include="C:\Users\Andrew\Documents\Projects\Torque3D-PhysX3\Engine\lib\ljpeg\jmemmgr.c">
         <Filter>Source Files\lib</Filter>
      </ClCompile>
      <ClCompile Include="C:\Users\Andrew\Documents\Projects\Torque3D-PhysX3\Engine\lib\ljpeg\jmemnobs.c">
         <Filter>Source Files\lib</Filter>
      </ClCompile>
      <ClCompile Include="C:\Users\Andrew\Documents\Projects\Torque3D-PhysX3\Engine\lib\ljpeg\jquant1.c">
         <Filter>Source Files\lib</Filter>
      </ClCompile>
      <ClCompile Include="C:\Users\Andrew\Documents\Projects\Torque3D-PhysX3\Engine\lib\ljpeg\jquant2.c">
         <Filter>Source Files\lib</Filter>
      </ClCompile>
      <ClCompile Include="C:\Users\Andrew\Documents\Projects\Torque3D-PhysX3\Engine\lib\ljpeg\jutils.c">
         <Filter>Source Files\lib</Filter>
      </ClCompile>
   </ItemGroup>
   <ItemGroup>
      <ClInclude Include="C:\Users\Andrew\Documents\Projects\Torque3D-PhysX3\Engine\lib\ljpeg\jchuff.h">
         <Filter>Source Files\lib</Filter>
      </ClInclude>
      <ClInclude Include="C:\Users\Andrew\Documents\Projects\Torque3D-PhysX3\Engine\lib\ljpeg\jconfig.cw.mac.h">
         <Filter>Source Files\lib</Filter>
      </ClInclude>
      <ClInclude Include="C:\Users\Andrew\Documents\Projects\Torque3D-PhysX3\Engine\lib\ljpeg\jconfig.cw.win.h">
         <Filter>Source Files\lib</Filter>
      </ClInclude>
      <ClInclude Include="C:\Users\Andrew\Documents\Projects\Torque3D-PhysX3\Engine\lib\ljpeg\jconfig.gcc.linux.h">
         <Filter>Source Files\lib</Filter>
      </ClInclude>
      <ClInclude Include="C:\Users\Andrew\Documents\Projects\Torque3D-PhysX3\Engine\lib\ljpeg\jconfig.h">
         <Filter>Source Files\lib</Filter>
      </ClInclude>
      <ClInclude Include="C:\Users\Andrew\Documents\Projects\Torque3D-PhysX3\Engine\lib\ljpeg\jconfig.vc.win.h">
         <Filter>Source Files\lib</Filter>
      </ClInclude>
      <ClInclude Include="C:\Users\Andrew\Documents\Projects\Torque3D-PhysX3\Engine\lib\ljpeg\jdct.h">
         <Filter>Source Files\lib</Filter>
      </ClInclude>
      <ClInclude Include="C:\Users\Andrew\Documents\Projects\Torque3D-PhysX3\Engine\lib\ljpeg\jdhuff.h">
         <Filter>Source Files\lib</Filter>
      </ClInclude>
      <ClInclude Include="C:\Users\Andrew\Documents\Projects\Torque3D-PhysX3\Engine\lib\ljpeg\jerror.h">
         <Filter>Source Files\lib</Filter>
      </ClInclude>
      <ClInclude Include="C:\Users\Andrew\Documents\Projects\Torque3D-PhysX3\Engine\lib\ljpeg\jinclude.h">
         <Filter>Source Files\lib</Filter>
      </ClInclude>
      <ClInclude Include="C:\Users\Andrew\Documents\Projects\Torque3D-PhysX3\Engine\lib\ljpeg\jmemsys.h">
         <Filter>Source Files\lib</Filter>
      </ClInclude>
      <ClInclude Include="C:\Users\Andrew\Documents\Projects\Torque3D-PhysX3\Engine\lib\ljpeg\jmorecfg.h">
         <Filter>Source Files\lib</Filter>
      </ClInclude>
      <ClInclude Include="C:\Users\Andrew\Documents\Projects\Torque3D-PhysX3\Engine\lib\ljpeg\jpegint.h">
         <Filter>Source Files\lib</Filter>
      </ClInclude>
      <ClInclude Include="C:\Users\Andrew\Documents\Projects\Torque3D-PhysX3\Engine\lib\ljpeg\jpeglib.h">
         <Filter>Source Files\lib</Filter>
      </ClInclude>
      <ClInclude Include="C:\Users\Andrew\Documents\Projects\Torque3D-PhysX3\Engine\lib\ljpeg\jversion.h">
         <Filter>Source Files\lib</Filter>
      </ClInclude>
   </ItemGroup>
   <ItemGroup>
   </ItemGroup>
</Project>