<?xml version="1.0" encoding="utf-8"?>
<Project ToolsVersion="4.0" xmlns="http://schemas.microsoft.com/developer/msbuild/2003">
   <ItemGroup>
      <Filter Include="Source Files">
         <UniqueIdentifier>{12551600-6f39-4fe1-bbee-8a1faa517a8f}</UniqueIdentifier>
         <Extensions>cpp;c;cxx;rc;def;r;odl;idl;hpj;bat;cc</Extensions>
      </Filter>
      <Filter Include="Source Files\lib">
         <UniqueIdentifier>{74773afc-3959-4660-9989-e13a43815931}</UniqueIdentifier>
      </Filter>
   </ItemGroup>
  <ItemGroup>
    <ResourceCompile Include="Torque.rc">
      <Filter>Source Files</Filter>
    </ResourceCompile>
  </ItemGroup>
   <ItemGroup>
      <ClCompile Include="..\..\..\..\..\Engine\lib\tinyxml\tinystr.cpp">
         <Filter>Source Files\lib</Filter>
      </ClCompile>
      <ClCompile Include="..\..\..\..\..\Engine\lib\tinyxml\tinyxml.cpp">
         <Filter>Source Files\lib</Filter>
      </ClCompile>
      <ClCompile Include="..\..\..\..\..\Engine\lib\tinyxml\tinyxmlerror.cpp">
         <Filter>Source Files\lib</Filter>
      </ClCompile>
      <ClCompile Include="..\..\..\..\..\Engine\lib\tinyxml\tinyxmlparser.cpp">
         <Filter>Source Files\lib</Filter>
      </ClCompile>
   </ItemGroup>
   <ItemGroup>
      <ClInclude Include="..\..\..\..\..\Engine\lib\tinyxml\tinystr.h">
         <Filter>Source Files\lib</Filter>
      </ClInclude>
      <ClInclude Include="..\..\..\..\..\Engine\lib\tinyxml\tinyxml.h">
         <Filter>Source Files\lib</Filter>
      </ClInclude>
   </ItemGroup>
   <ItemGroup>
   </ItemGroup>
</Project>